<?xml version="1.0" encoding="utf-8"?>
<Project ToolsVersion="4.0" xmlns="http://schemas.microsoft.com/developer/msbuild/2003">
  <ItemGroup>
    <Filter Include="소스 파일">
      <UniqueIdentifier>{4FC737F1-C7A5-4376-A066-2A32D752A2FF}</UniqueIdentifier>
      <Extensions>cpp;c;cc;cxx;def;odl;idl;hpj;bat;asm;asmx</Extensions>
    </Filter>
    <Filter Include="헤더 파일">
      <UniqueIdentifier>{93995380-89BD-4b04-88EB-625FBE52EBFB}</UniqueIdentifier>
      <Extensions>h;hh;hpp;hxx;hm;inl;inc;xsd</Extensions>
    </Filter>
    <Filter Include="리소스 파일">
      <UniqueIdentifier>{67DA6AB6-F800-4c08-8B7A-83BB121AAD01}</UniqueIdentifier>
      <Extensions>rc;ico;cur;bmp;dlg;rc2;rct;bin;rgs;gif;jpg;jpeg;jpe;resx;tiff;tif;png;wav;mfcribbon-ms</Extensions>
    </Filter>
    <Filter Include="Object">
      <UniqueIdentifier>{78a9b654-5ba5-424a-95a0-3586e51282c1}</UniqueIdentifier>
    </Filter>
    <Filter Include="Scene">
      <UniqueIdentifier>{7ea709b9-edf1-463f-9926-043b65d72a5d}</UniqueIdentifier>
    </Filter>
    <Filter Include="Util">
      <UniqueIdentifier>{605ca0e8-7e31-41d9-9194-73095238c963}</UniqueIdentifier>
    </Filter>
    <Filter Include="Util\Header">
      <UniqueIdentifier>{128f84dc-ed1e-4287-87a9-38eba66e0028}</UniqueIdentifier>
    </Filter>
    <Filter Include="Util\Source">
      <UniqueIdentifier>{761dfa1a-8fae-4942-9237-50f69c4fea3c}</UniqueIdentifier>
    </Filter>
    <Filter Include="Shaders">
      <UniqueIdentifier>{76d5331f-cf97-445b-b0ba-1207827c0c83}</UniqueIdentifier>
    </Filter>
    <Filter Include="Shaders\hlsl">
      <UniqueIdentifier>{56421b0f-19e2-42a0-8aa3-9ead5eed8312}</UniqueIdentifier>
    </Filter>
    <Filter Include="Shaders\Header">
      <UniqueIdentifier>{4f2b05b3-8332-4ee8-8045-0fe0d78b47bd}</UniqueIdentifier>
    </Filter>
    <Filter Include="Shaders\Source">
      <UniqueIdentifier>{1032f3a4-d697-48b8-99e4-6bd92ac0ef36}</UniqueIdentifier>
    </Filter>
    <Filter Include="Scene\Header">
      <UniqueIdentifier>{c223780c-551f-4ede-b6e9-bcd265a7a187}</UniqueIdentifier>
    </Filter>
    <Filter Include="Scene\Source">
      <UniqueIdentifier>{6a76e9c0-cfe0-404b-a1bf-e527ab9be4c7}</UniqueIdentifier>
    </Filter>
    <Filter Include="Object\Header">
      <UniqueIdentifier>{db3a3d05-13cb-4327-8031-a05e9ec87795}</UniqueIdentifier>
    </Filter>
    <Filter Include="Object\Source">
      <UniqueIdentifier>{cb4e91b9-eab1-45ac-ab1d-66ee82c3e7a6}</UniqueIdentifier>
    </Filter>
    <Filter Include="Framework">
      <UniqueIdentifier>{57b31763-94dd-4e1d-b61c-f9e1ec7c735f}</UniqueIdentifier>
    </Filter>
    <Filter Include="Framework\Header">
      <UniqueIdentifier>{659b6ed2-b8cb-4fc0-abb6-65b090cc2069}</UniqueIdentifier>
    </Filter>
    <Filter Include="Framework\Source">
      <UniqueIdentifier>{811148a5-3ae9-4105-bfe7-219dc01031d8}</UniqueIdentifier>
    </Filter>
    <Filter Include="Model">
      <UniqueIdentifier>{57a96355-7b0a-4ee8-891c-dd843bf88e0a}</UniqueIdentifier>
    </Filter>
    <Filter Include="Model\Animation">
      <UniqueIdentifier>{e446800b-0041-4943-93f4-bc81c888026e}</UniqueIdentifier>
    </Filter>
    <Filter Include="Model\Loader">
      <UniqueIdentifier>{a320e465-fd4a-4962-bb06-e43d268082b8}</UniqueIdentifier>
    </Filter>
    <Filter Include="Model\Object%28model%29">
      <UniqueIdentifier>{0e90240d-2576-4b7a-840f-07a02fcda54e}</UniqueIdentifier>
    </Filter>
    <Filter Include="Model\Shader">
      <UniqueIdentifier>{b1be8280-a9da-465c-83fb-d5a09a8f7123}</UniqueIdentifier>
    </Filter>
  </ItemGroup>
  <ItemGroup>
    <ResourceCompile Include="SilentEngine.rc">
      <Filter>리소스 파일</Filter>
    </ResourceCompile>
  </ItemGroup>
  <ItemGroup>
    <Image Include="small.ico">
      <Filter>리소스 파일</Filter>
    </Image>
    <Image Include="SilentEngine.ico">
      <Filter>리소스 파일</Filter>
    </Image>
  </ItemGroup>
  <ItemGroup>
    <ClCompile Include="stdafx.cpp">
      <Filter>소스 파일</Filter>
    </ClCompile>
    <ClCompile Include="src\Framework\D3DMath.cpp">
      <Filter>Util\Source</Filter>
    </ClCompile>
    <ClCompile Include="src\Framework\D3DUtil.cpp">
      <Filter>Util\Source</Filter>
    </ClCompile>
    <ClCompile Include="src\Framework\Timer.cpp">
      <Filter>Util\Source</Filter>
    </ClCompile>
    <ClCompile Include="src\Object\Camera.cpp">
      <Filter>Object\Source</Filter>
    </ClCompile>
    <ClCompile Include="src\Object\GameObjects.cpp">
      <Filter>Object\Source</Filter>
    </ClCompile>
    <ClCompile Include="src\Object\Player.cpp">
      <Filter>Object\Source</Filter>
    </ClCompile>
    <ClCompile Include="src\Object\Mesh\Mesh.cpp">
      <Filter>Object\Source</Filter>
    </ClCompile>
    <ClCompile Include="src\Scene\Scene.cpp">
      <Filter>Scene\Source</Filter>
    </ClCompile>
    <ClCompile Include="src\Framework\Framework.cpp">
      <Filter>Framework\Source</Filter>
    </ClCompile>
    <ClCompile Include="src\Shaders\Shaders.cpp">
      <Filter>Shaders\Source</Filter>
    </ClCompile>
    <ClCompile Include="src\Framework\SilentEngine.cpp">
      <Filter>Framework\Source</Filter>
    </ClCompile>
    <ClCompile Include="src\Model\LoadModel.cpp">
      <Filter>Model\Object%28model%29</Filter>
    </ClCompile>
    <ClCompile Include="src\Model\Animation.cpp">
      <Filter>Model\Animation</Filter>
    </ClCompile>
    <ClCompile Include="src\Model\ModelObject.cpp">
      <Filter>Model\Object%28model%29</Filter>
    </ClCompile>
    <ClCompile Include="src\Model\ModelShader.cpp">
      <Filter>Model\Shader</Filter>
    </ClCompile>
    <ClCompile Include="src\Model\StringTokenizer.cpp">
      <Filter>Model\Loader</Filter>
    </ClCompile>
    <ClCompile Include="src\Model\ModelLoader.cpp">
      <Filter>Model\Loader</Filter>
    </ClCompile>
    <ClCompile Include="src\Framework\DDSTextureLoader12.cpp">
      <Filter>Util\Source</Filter>
    </ClCompile>
    <ClCompile Include="InstanceObject.cpp">
      <Filter>Object\Source</Filter>
    </ClCompile>
    <ClCompile Include="InstanceObjectShader.cpp">
      <Filter>Shaders\Source</Filter>
    </ClCompile>
  </ItemGroup>
  <ItemGroup>
    <ClInclude Include="stdafx.h">
      <Filter>헤더 파일</Filter>
    </ClInclude>
    <ClInclude Include="targetver.h">
      <Filter>헤더 파일</Filter>
    </ClInclude>
    <ClInclude Include="resource.h">
      <Filter>헤더 파일</Filter>
    </ClInclude>
    <ClInclude Include="src\Framework\D3DUtil.h">
      <Filter>Util\Header</Filter>
    </ClInclude>
    <ClInclude Include="src\Framework\D3DMath.h">
      <Filter>Util\Header</Filter>
    </ClInclude>
    <ClInclude Include="src\Framework\d3dx12.h">
      <Filter>Util\Header</Filter>
    </ClInclude>
    <ClInclude Include="src\Framework\Timer.h">
      <Filter>Util\Header</Filter>
    </ClInclude>
    <ClInclude Include="src\Framework\UploadBuffer.h">
      <Filter>Util\Header</Filter>
    </ClInclude>
    <ClInclude Include="src\Object\Player.h">
      <Filter>Object\Header</Filter>
    </ClInclude>
    <ClInclude Include="src\Scene\Scene.h">
      <Filter>Scene\Header</Filter>
    </ClInclude>
    <ClInclude Include="src\Shaders\Shaders.h">
      <Filter>Shaders\Header</Filter>
    </ClInclude>
    <ClInclude Include="src\Object\Mesh\Mesh.h">
      <Filter>Object\Header</Filter>
    </ClInclude>
    <ClInclude Include="src\Object\GameObjects.h">
      <Filter>Object\Header</Filter>
    </ClInclude>
    <ClInclude Include="src\Framework\Framework.h">
      <Filter>Framework\Header</Filter>
    </ClInclude>
    <ClInclude Include="src\Object\Camera.h">
      <Filter>Object\Header</Filter>
    </ClInclude>
    <ClInclude Include="src\Framework\SilentEngine.h">
      <Filter>Framework\Header</Filter>
    </ClInclude>
    <ClInclude Include="src\Model\LoadModel.h">
      <Filter>Model\Object%28model%29</Filter>
    </ClInclude>
    <ClInclude Include="src\Model\Animation.h">
      <Filter>Model\Animation</Filter>
    </ClInclude>
    <ClInclude Include="src\Model\ModelObject.h">
      <Filter>Model\Object%28model%29</Filter>
    </ClInclude>
    <ClInclude Include="src\Model\ModelShader.h">
      <Filter>Model\Shader</Filter>
    </ClInclude>
    <ClInclude Include="src\Model\StringTokenizer.h">
      <Filter>Model\Loader</Filter>
    </ClInclude>
    <ClInclude Include="src\Model\ModelLoader.h">
      <Filter>Model\Loader</Filter>
    </ClInclude>
    <ClInclude Include="src\Framework\DDSTextureLoader12.h">
      <Filter>Util\Header</Filter>
    </ClInclude>
    <ClInclude Include="InstanceObject.h">
      <Filter>Object\Header</Filter>
    </ClInclude>
    <ClInclude Include="InstanceObjectShader.h">
      <Filter>Shaders\Header</Filter>
    </ClInclude>
  </ItemGroup>
  <ItemGroup>
    <FxCompile Include="hlsl\color.hlsl">
      <Filter>Shaders\hlsl</Filter>
    </FxCompile>
    <FxCompile Include="hlsl\Sampler.hlsl">
      <Filter>Shaders\hlsl</Filter>
    </FxCompile>
    <FxCompile Include="hlsl\Cbuffer.hlsl">
      <Filter>Shaders\hlsl</Filter>
    </FxCompile>
    <FxCompile Include="hlsl\Texture.hlsl">
      <Filter>Shaders\hlsl</Filter>
    </FxCompile>
  </ItemGroup>
</Project>