<?xml version="1.0" encoding="utf-8"?>
<Project ToolsVersion="4.0" xmlns="http://schemas.microsoft.com/developer/msbuild/2003">
  <ItemGroup>
    <Filter Include="소스 파일">
      <UniqueIdentifier>{4FC737F1-C7A5-4376-A066-2A32D752A2FF}</UniqueIdentifier>
      <Extensions>cpp;c;cc;cxx;def;odl;idl;hpj;bat;asm;asmx</Extensions>
    </Filter>
    <Filter Include="헤더 파일">
      <UniqueIdentifier>{93995380-89BD-4b04-88EB-625FBE52EBFB}</UniqueIdentifier>
      <Extensions>h;hh;hpp;hxx;hm;inl;inc;xsd</Extensions>
    </Filter>
    <Filter Include="리소스 파일">
      <UniqueIdentifier>{67DA6AB6-F800-4c08-8B7A-83BB121AAD01}</UniqueIdentifier>
      <Extensions>rc;ico;cur;bmp;dlg;rc2;rct;bin;rgs;gif;jpg;jpeg;jpe;resx;tiff;tif;png;wav;mfcribbon-ms</Extensions>
    </Filter>
    <Filter Include="Shaders">
      <UniqueIdentifier>{95508ee5-dac1-42e1-9157-b0d402e04731}</UniqueIdentifier>
    </Filter>
    <Filter Include="Objects">
      <UniqueIdentifier>{5bd86630-0190-420a-802c-48de9dd1b2d8}</UniqueIdentifier>
    </Filter>
    <Filter Include="Shaders\Header">
      <UniqueIdentifier>{e717977c-0408-4823-b47c-e32f8ed32171}</UniqueIdentifier>
    </Filter>
    <Filter Include="Shaders\Source">
      <UniqueIdentifier>{5dcd8086-46a8-4dab-8c44-94144a68e0dd}</UniqueIdentifier>
    </Filter>
    <Filter Include="Objects\Header">
      <UniqueIdentifier>{68ded3a0-22a1-4cfa-9321-85b9c4676622}</UniqueIdentifier>
    </Filter>
    <Filter Include="Objects\Source">
      <UniqueIdentifier>{e73e55e3-08e7-4fd0-9e32-c4c40cbfe3ac}</UniqueIdentifier>
    </Filter>
    <Filter Include="Shaders\hlsl">
      <UniqueIdentifier>{2f33546d-34eb-4f1e-b40c-6a43b37ef6bf}</UniqueIdentifier>
    </Filter>
    <Filter Include="Mesh">
      <UniqueIdentifier>{bce42952-2bbe-4141-9b25-071114b37e3b}</UniqueIdentifier>
    </Filter>
    <Filter Include="Mesh\Source">
      <UniqueIdentifier>{be342765-96fc-4443-837b-7e1c87d759de}</UniqueIdentifier>
    </Filter>
    <Filter Include="Mesh\Header">
      <UniqueIdentifier>{ea5f531c-d5ed-4efa-8b51-70de004bf8e6}</UniqueIdentifier>
    </Filter>
    <Filter Include="Util">
      <UniqueIdentifier>{fef786fb-7d31-4a69-aad1-5b0c0e817557}</UniqueIdentifier>
    </Filter>
    <Filter Include="Util\Source">
      <UniqueIdentifier>{e19a371d-1497-4e54-a013-ebfcb667a266}</UniqueIdentifier>
    </Filter>
    <Filter Include="Util\Header">
      <UniqueIdentifier>{fcc41a3b-8280-4519-95da-5c1d8d36c613}</UniqueIdentifier>
    </Filter>
    <Filter Include="Scene">
      <UniqueIdentifier>{e9552983-845c-41cf-aa36-d3447d25018a}</UniqueIdentifier>
    </Filter>
    <Filter Include="Scene\Header">
      <UniqueIdentifier>{b653bded-8d77-453f-b7a5-621cbca5a7f9}</UniqueIdentifier>
    </Filter>
    <Filter Include="Scene\Source">
      <UniqueIdentifier>{be7a5c7c-3a5a-457c-ad38-c56da0f3cc1b}</UniqueIdentifier>
    </Filter>
  </ItemGroup>
  <ItemGroup>
    <ClInclude Include="stdafx.h">
      <Filter>헤더 파일</Filter>
    </ClInclude>
    <ClInclude Include="targetver.h">
      <Filter>헤더 파일</Filter>
    </ClInclude>
    <ClInclude Include="resource.h">
      <Filter>헤더 파일</Filter>
    </ClInclude>
    <ClInclude Include="SilentEngine.h">
      <Filter>헤더 파일</Filter>
    </ClInclude>
    <ClInclude Include="Code\FrameWork\GameFramework.h">
      <Filter>헤더 파일</Filter>
    </ClInclude>
    <ClInclude Include="Code\FrameWork\Timer.h">
      <Filter>헤더 파일</Filter>
    </ClInclude>
    <ClInclude Include="Code\FrameWork\DDSTextureLoader12.h">
      <Filter>Util\Header</Filter>
    </ClInclude>
    <ClInclude Include="Code\FrameWork\d3dx12.h">
      <Filter>Util\Header</Filter>
    </ClInclude>
    <ClInclude Include="Code\Shaders\Shader.h">
      <Filter>Shaders\Header</Filter>
    </ClInclude>
    <ClInclude Include="Code\Scene\Scene.h">
      <Filter>Scene\Header</Filter>
    </ClInclude>
    <ClInclude Include="Code\Object\Camera.h">
      <Filter>Objects\Header</Filter>
    </ClInclude>
    <ClInclude Include="Code\Object\Object.h">
      <Filter>Objects\Header</Filter>
    </ClInclude>
    <ClInclude Include="Code\Object\Player.h">
      <Filter>Objects\Header</Filter>
    </ClInclude>
    <ClInclude Include="Code\Object\Mesh\Mesh.h">
      <Filter>Mesh\Header</Filter>
    </ClInclude>
    <ClInclude Include="EffectShaders.h">
      <Filter>Shaders\Header</Filter>
    </ClInclude>
    <ClInclude Include="NormalShaders.h">
      <Filter>Shaders</Filter>
    </ClInclude>
  </ItemGroup>
  <ItemGroup>
    <ClCompile Include="stdafx.cpp">
      <Filter>소스 파일</Filter>
    </ClCompile>
    <ClCompile Include="SilentEngine.cpp">
      <Filter>소스 파일</Filter>
    </ClCompile>
    <ClCompile Include="Code\FrameWork\GameFramework.cpp">
      <Filter>소스 파일</Filter>
    </ClCompile>
    <ClCompile Include="Code\FrameWork\Timer.cpp">
      <Filter>소스 파일</Filter>
    </ClCompile>
    <ClCompile Include="Code\FrameWork\DDSTextureLoader12.cpp">
      <Filter>Util\Source</Filter>
    </ClCompile>
    <ClCompile Include="Code\Scene\Scene.cpp">
      <Filter>Scene\Source</Filter>
    </ClCompile>
    <ClCompile Include="Code\Object\Camera.cpp">
      <Filter>Objects\Source</Filter>
    </ClCompile>
    <ClCompile Include="Code\Object\Object.cpp">
      <Filter>Objects\Source</Filter>
    </ClCompile>
    <ClCompile Include="Code\Object\Player.cpp">
      <Filter>Objects\Source</Filter>
    </ClCompile>
    <ClCompile Include="Code\Object\Mesh\Mesh.cpp">
      <Filter>Mesh\Source</Filter>
    </ClCompile>
    <ClCompile Include="Code\Shaders\Shader.cpp">
      <Filter>Shaders\Source</Filter>
    </ClCompile>
    <ClCompile Include="EffectShaders.cpp">
      <Filter>Shaders\Source</Filter>
    </ClCompile>
    <ClCompile Include="NormalShaders.cpp">
      <Filter>Shaders\Source</Filter>
    </ClCompile>
  </ItemGroup>
  <ItemGroup>
    <ResourceCompile Include="SilentEngine.rc">
      <Filter>리소스 파일</Filter>
    </ResourceCompile>
  </ItemGroup>
  <ItemGroup>
    <Image Include="small.ico">
      <Filter>리소스 파일</Filter>
    </Image>
    <Image Include="SilentEngine.ico">
      <Filter>리소스 파일</Filter>
    </Image>
  </ItemGroup>
  <ItemGroup>
    <FxCompile Include="hlsl\Light.hlsl">
      <Filter>Shaders\hlsl</Filter>
    </FxCompile>
    <FxCompile Include="hlsl\MainSceneShaders.hlsl">
      <Filter>Shaders\hlsl</Filter>
    </FxCompile>
    <FxCompile Include="hlsl\Shaders.hlsl">
      <Filter>Shaders\hlsl</Filter>
    </FxCompile>
    <FxCompile Include="hlsl\Effects.hlsl">
      <Filter>Shaders\hlsl</Filter>
    </FxCompile>
    <FxCompile Include="NormalMapShaders.hlsl">
      <Filter>Shaders\hlsl</Filter>
    </FxCompile>
    <FxCompile Include="Common.hlsl">
      <Filter>Shaders\hlsl</Filter>
    </FxCompile>
  </ItemGroup>
</Project>